# Auto-generated by loft — do not edit by hand.
# Run `loft install` to update.
schema_version = 1

[[package]]
name = "imaging"
version = "0.2.1"
url = "https://github.com/loft-lang/loft-libs-graphics/releases/download/imaging-v0.2.1/imaging-0.2.1.tar.gz"
sha256 = "4c5c494c0efd262a87ee74cb597c8f3ecdbaf48a48debd13553d9578dd8106bb"
source = "registry"
